
Microsoft Visual Studio Solution File, Format Version 12.00
# Visual Studio Version 16
VisualStudioVersion = 16.0.32802.440
MinimumVisualStudioVersion = 10.0.40219.1
Project("{FAE04EC0-301F-11D3-BF4B-00C04F79EFBC}") = "The-game-of-life", "The-game-of-life\The-game-of-life.csproj", "{CB023AC8-B1E4-4D5D-9F97-F4B1F79E2813}"
EndProject
Global
	GlobalSection(SolutionConfigurationPlatforms) = preSolution
		Debug|Any CPU = Debug|Any CPU
		Release|Any CPU = Release|Any CPU
	EndGlobalSection
	GlobalSection(ProjectConfigurationPlatforms) = postSolution
		{CB023AC8-B1E4-4D5D-9F97-F4B1F79E2813}.Debug|Any CPU.ActiveCfg = Debug|Any CPU
		{CB023AC8-B1E4-4D5D-9F97-F4B1F79E2813}.Debug|Any CPU.Build.0 = Debug|Any CPU
		{CB023AC8-B1E4-4D5D-9F97-F4B1F79E2813}.Release|Any CPU.ActiveCfg = Release|Any CPU
		{CB023AC8-B1E4-4D5D-9F97-F4B1F79E2813}.Release|Any CPU.Build.0 = Release|Any CPU
	EndGlobalSection
	GlobalSection(SolutionProperties) = preSolution
		HideSolutionNode = FALSE
	EndGlobalSection
	GlobalSection(ExtensibilityGlobals) = postSolution
		SolutionGuid = {2FD11BAE-2870-4FE3-9070-CFFD891DCAC4}
	EndGlobalSection
EndGlobal
